
Microsoft Visual Studio Solution File, Format Version 12.00
# Visual Studio Version 17
VisualStudioVersion = 17.5.002.0
MinimumVisualStudioVersion = 10.0.40219.1
Project("{9A19103F-16F7-4668-BE54-9A1E7A4F7556}") = "MinimalApiAot", "MinimalApiAot.csproj", "{EBB0EF26-385D-4109-8478-BC8B6CB4FB7B}"
EndProject
Global
	GlobalSection(SolutionConfigurationPlatforms) = preSolution
		Debug|Any CPU = Debug|Any CPU
		Release|Any CPU = Release|Any CPU
	EndGlobalSection
	GlobalSection(ProjectConfigurationPlatforms) = postSolution
		{EBB0EF26-385D-4109-8478-BC8B6CB4FB7B}.Debug|Any CPU.ActiveCfg = Debug|Any CPU
		{EBB0EF26-385D-4109-8478-BC8B6CB4FB7B}.Debug|Any CPU.Build.0 = Debug|Any CPU
		{EBB0EF26-385D-4109-8478-BC8B6CB4FB7B}.Release|Any CPU.ActiveCfg = Release|Any CPU
		{EBB0EF26-385D-4109-8478-BC8B6CB4FB7B}.Release|Any CPU.Build.0 = Release|Any CPU
	EndGlobalSection
	GlobalSection(SolutionProperties) = preSolution
		HideSolutionNode = FALSE
	EndGlobalSection
	GlobalSection(ExtensibilityGlobals) = postSolution
		SolutionGuid = {7C1E9877-17A0-4790-86F9-17C72AE2F19C}
	EndGlobalSection
EndGlobal
